PODS:
  - Bolts (1.1.2)
  - Facebook-iOS-SDK (3.18.0):
    - Bolts
  - Parse (1.4.1):
    - Bolts (~> 1.1.2)
  - ParseFacebookUtils (1.2.21):
    - Facebook-iOS-SDK (~> 3.17)
    - Parse (~> 1.2.21)

DEPENDENCIES:
  - Parse
  - ParseFacebookUtils (from `https://raw.githubusercontent.com/rickerbh/ParseFacebookUtilsSpec/master/ParseFacebookUtils.podspec.json`)

EXTERNAL SOURCES:
  ParseFacebookUtils:
    :podspec: https://raw.githubusercontent.com/rickerbh/ParseFacebookUtilsSpec/master/ParseFacebookUtils.podspec.json

SPEC CHECKSUMS:
  Bolts: 2635e8698a630774689441047f3465d78c48d485
  Facebook-iOS-SDK: fa12c51cc57bfb6f92e47793c9d4d2c65bc92741
  Parse: db1a09c832b7509edcc88a65dc07229f5e578c73
  ParseFacebookUtils: ec0ccb09a34159fe9dd6121467fdd541051cde1a

COCOAPODS: 0.33.1
