// !$*UTF8*$!
{
	archiveVersion = 1;
	classes = {
	};
	objectVersion = 46;
	objects = {

/* Begin PBXBuildFile section */
		37DA621119D5A5D600E89387 /* FacebookSDK.h in Frameworks */ = {isa = PBXBuildFile; fileRef = 37DA621019D5A5D600E89387 /* FacebookSDK.h */; };
		A214D2459425482FA098883D /* libPods.a in Frameworks */ = {isa = PBXBuildFile; fileRef = 1D724DC070B54EA4A3830D2D /* libPods.a */; };
		BAC0327119CB96040062C291 /* TTArtistTableViewController.m in Sources */ = {isa = PBXBuildFile; fileRef = BAC0327019CB96040062C291 /* TTArtistTableViewController.m */; };
		BAC0327519CB969E0062C291 /* TTSongTableViewController.m in Sources */ = {isa = PBXBuildFile; fileRef = BAC0327419CB969E0062C291 /* TTSongTableViewController.m */; };
		BADD934E19C563B1000E0898 /* Foundation.framework in Frameworks */ = {isa = PBXBuildFile; fileRef = BADD934D19C563B1000E0898 /* Foundation.framework */; };
		BADD935019C563B1000E0898 /* CoreGraphics.framework in Frameworks */ = {isa = PBXBuildFile; fileRef = BADD934F19C563B1000E0898 /* CoreGraphics.framework */; };
		BADD935219C563B1000E0898 /* UIKit.framework in Frameworks */ = {isa = PBXBuildFile; fileRef = BADD935119C563B1000E0898 /* UIKit.framework */; };
		BADD935819C563B1000E0898 /* InfoPlist.strings in Resources */ = {isa = PBXBuildFile; fileRef = BADD935619C563B1000E0898 /* InfoPlist.strings */; };
		BADD935A19C563B1000E0898 /* main.m in Sources */ = {isa = PBXBuildFile; fileRef = BADD935919C563B1000E0898 /* main.m */; };
		BADD935E19C563B1000E0898 /* TTAppDelegate.m in Sources */ = {isa = PBXBuildFile; fileRef = BADD935D19C563B1000E0898 /* TTAppDelegate.m */; };
		BADD936119C563B1000E0898 /* Main.storyboard in Resources */ = {isa = PBXBuildFile; fileRef = BADD935F19C563B1000E0898 /* Main.storyboard */; };
		BADD936919C563B1000E0898 /* Images.xcassets in Resources */ = {isa = PBXBuildFile; fileRef = BADD936819C563B1000E0898 /* Images.xcassets */; };
		BADD937019C563B1000E0898 /* XCTest.framework in Frameworks */ = {isa = PBXBuildFile; fileRef = BADD936F19C563B1000E0898 /* XCTest.framework */; };
		BADD937119C563B1000E0898 /* Foundation.framework in Frameworks */ = {isa = PBXBuildFile; fileRef = BADD934D19C563B1000E0898 /* Foundation.framework */; };
		BADD937219C563B1000E0898 /* UIKit.framework in Frameworks */ = {isa = PBXBuildFile; fileRef = BADD935119C563B1000E0898 /* UIKit.framework */; };
		BAFA654419C56BFE00A7937D /* TTLoginViewController.m in Sources */ = {isa = PBXBuildFile; fileRef = BAFA654319C56BFE00A7937D /* TTLoginViewController.m */; };
		BAFA654719C576C800A7937D /* ParseFacebookUtils.framework in Frameworks */ = {isa = PBXBuildFile; fileRef = BAFA654619C576C800A7937D /* ParseFacebookUtils.framework */; };
		E257F4A119E81E9100EF4FBB /* TTSong.m in Sources */ = {isa = PBXBuildFile; fileRef = E257F4A019E81E9100EF4FBB /* TTSong.m */; };
		E2E9363019E86A6900BFE068 /* default-artwork.png in Resources */ = {isa = PBXBuildFile; fileRef = E2E9362F19E86A6900BFE068 /* default-artwork.png */; };
		E2E9363419E8804200BFE068 /* TTAlbumTableViewController.m in Sources */ = {isa = PBXBuildFile; fileRef = E2E9363319E8804200BFE068 /* TTAlbumTableViewController.m */; };
		E2E9363C19E8D1EC00BFE068 /* UIImage+Alpha.m in Sources */ = {isa = PBXBuildFile; fileRef = E2E9363719E8D1EC00BFE068 /* UIImage+Alpha.m */; };
		E2E9363D19E8D1EC00BFE068 /* UIImage+Resize.m in Sources */ = {isa = PBXBuildFile; fileRef = E2E9363919E8D1EC00BFE068 /* UIImage+Resize.m */; };
		E2E9363E19E8D1EC00BFE068 /* UIImage+RoundedCorner.m in Sources */ = {isa = PBXBuildFile; fileRef = E2E9363B19E8D1EC00BFE068 /* UIImage+RoundedCorner.m */; };
/* End PBXBuildFile section */

/* Begin PBXContainerItemProxy section */
		BADD937319C563B1000E0898 /* PBXContainerItemProxy */ = {
			isa = PBXContainerItemProxy;
			containerPortal = BADD934219C563B1000E0898 /* Project object */;
			proxyType = 1;
			remoteGlobalIDString = BADD934919C563B1000E0898;
			remoteInfo = iMusic;
		};
/* End PBXContainerItemProxy section */

/* Begin PBXFileReference section */
		1D724DC070B54EA4A3830D2D /* libPods.a */ = {isa = PBXFileReference; explicitFileType = archive.ar; includeInIndex = 0; path = libPods.a; sourceTree = BUILT_PRODUCTS_DIR; };
		37DA621019D5A5D600E89387 /* FacebookSDK.h */ = {isa = PBXFileReference; lastKnownFileType = sourcecode.c.h; name = FacebookSDK.h; path = "Pods/Facebook-iOS-SDK/src/FacebookSDK.h"; sourceTree = "<group>"; };
		37DA621419D5A9FF00E89387 /* libPods-Parse.a */ = {isa = PBXFileReference; lastKnownFileType = archive.ar; name = "libPods-Parse.a"; path = "Pods/build/Debug-iphoneos/libPods-Parse.a"; sourceTree = "<group>"; };
		B2A758E248BC41D0A9C9A19F /* Pods.xcconfig */ = {isa = PBXFileReference; includeInIndex = 1; lastKnownFileType = text.xcconfig; name = Pods.xcconfig; path = Pods/Pods.xcconfig; sourceTree = "<group>"; };
		BAC0326F19CB96040062C291 /* TTArtistTableViewController.h */ = {isa = PBXFileReference; fileEncoding = 4; lastKnownFileType = sourcecode.c.h; path = TTArtistTableViewController.h; sourceTree = "<group>"; };
		BAC0327019CB96040062C291 /* TTArtistTableViewController.m */ = {isa = PBXFileReference; fileEncoding = 4; lastKnownFileType = sourcecode.c.objc; path = TTArtistTableViewController.m; sourceTree = "<group>"; };
		BAC0327319CB969E0062C291 /* TTSongTableViewController.h */ = {isa = PBXFileReference; fileEncoding = 4; lastKnownFileType = sourcecode.c.h; path = TTSongTableViewController.h; sourceTree = "<group>"; };
		BAC0327419CB969E0062C291 /* TTSongTableViewController.m */ = {isa = PBXFileReference; fileEncoding = 4; lastKnownFileType = sourcecode.c.objc; path = TTSongTableViewController.m; sourceTree = "<group>"; };
		BADD934A19C563B1000E0898 /* iMusic.app */ = {isa = PBXFileReference; explicitFileType = wrapper.application; includeInIndex = 0; path = iMusic.app; sourceTree = BUILT_PRODUCTS_DIR; };
		BADD934D19C563B1000E0898 /* Foundation.framework */ = {isa = PBXFileReference; lastKnownFileType = wrapper.framework; name = Foundation.framework; path = System/Library/Frameworks/Foundation.framework; sourceTree = SDKROOT; };
		BADD934F19C563B1000E0898 /* CoreGraphics.framework */ = {isa = PBXFileReference; lastKnownFileType = wrapper.framework; name = CoreGraphics.framework; path = System/Library/Frameworks/CoreGraphics.framework; sourceTree = SDKROOT; };
		BADD935119C563B1000E0898 /* UIKit.framework */ = {isa = PBXFileReference; lastKnownFileType = wrapper.framework; name = UIKit.framework; path = System/Library/Frameworks/UIKit.framework; sourceTree = SDKROOT; };
		BADD935519C563B1000E0898 /* iMusic-Info.plist */ = {isa = PBXFileReference; lastKnownFileType = text.plist.xml; path = "iMusic-Info.plist"; sourceTree = "<group>"; };
		BADD935719C563B1000E0898 /* en */ = {isa = PBXFileReference; lastKnownFileType = text.plist.strings; name = en; path = en.lproj/InfoPlist.strings; sourceTree = "<group>"; };
		BADD935919C563B1000E0898 /* main.m */ = {isa = PBXFileReference; lastKnownFileType = sourcecode.c.objc; path = main.m; sourceTree = "<group>"; };
		BADD935B19C563B1000E0898 /* iMusic-Prefix.pch */ = {isa = PBXFileReference; lastKnownFileType = sourcecode.c.h; path = "iMusic-Prefix.pch"; sourceTree = "<group>"; };
		BADD935C19C563B1000E0898 /* TTAppDelegate.h */ = {isa = PBXFileReference; lastKnownFileType = sourcecode.c.h; path = TTAppDelegate.h; sourceTree = "<group>"; };
		BADD935D19C563B1000E0898 /* TTAppDelegate.m */ = {isa = PBXFileReference; lastKnownFileType = sourcecode.c.objc; path = TTAppDelegate.m; sourceTree = "<group>"; };
		BADD936019C563B1000E0898 /* Base */ = {isa = PBXFileReference; lastKnownFileType = file.storyboard; name = Base; path = Base.lproj/Main.storyboard; sourceTree = "<group>"; };
		BADD936819C563B1000E0898 /* Images.xcassets */ = {isa = PBXFileReference; lastKnownFileType = folder.assetcatalog; path = Images.xcassets; sourceTree = "<group>"; };
		BADD936E19C563B1000E0898 /* iMusicTests.xctest */ = {isa = PBXFileReference; explicitFileType = wrapper.cfbundle; includeInIndex = 0; path = iMusicTests.xctest; sourceTree = BUILT_PRODUCTS_DIR; };
		BADD936F19C563B1000E0898 /* XCTest.framework */ = {isa = PBXFileReference; lastKnownFileType = wrapper.framework; name = XCTest.framework; path = Library/Frameworks/XCTest.framework; sourceTree = DEVELOPER_DIR; };
		BAFA654219C56BFE00A7937D /* TTLoginViewController.h */ = {isa = PBXFileReference; fileEncoding = 4; lastKnownFileType = sourcecode.c.h; path = TTLoginViewController.h; sourceTree = "<group>"; };
		BAFA654319C56BFE00A7937D /* TTLoginViewController.m */ = {isa = PBXFileReference; fileEncoding = 4; lastKnownFileType = sourcecode.c.objc; path = TTLoginViewController.m; sourceTree = "<group>"; };
		BAFA654619C576C800A7937D /* ParseFacebookUtils.framework */ = {isa = PBXFileReference; lastKnownFileType = wrapper.framework; name = ParseFacebookUtils.framework; path = "../../../../Downloads/parse-library-1.3.0/ParseFacebookUtils.framework"; sourceTree = "<group>"; };
		E257F49F19E81E9100EF4FBB /* TTSong.h */ = {isa = PBXFileReference; fileEncoding = 4; lastKnownFileType = sourcecode.c.h; path = TTSong.h; sourceTree = "<group>"; };
		E257F4A019E81E9100EF4FBB /* TTSong.m */ = {isa = PBXFileReference; fileEncoding = 4; lastKnownFileType = sourcecode.c.objc; path = TTSong.m; sourceTree = "<group>"; };
		E2E9362F19E86A6900BFE068 /* default-artwork.png */ = {isa = PBXFileReference; lastKnownFileType = image.png; path = "default-artwork.png"; sourceTree = "<group>"; };
		E2E9363219E8804200BFE068 /* TTAlbumTableViewController.h */ = {isa = PBXFileReference; fileEncoding = 4; lastKnownFileType = sourcecode.c.h; path = TTAlbumTableViewController.h; sourceTree = "<group>"; };
		E2E9363319E8804200BFE068 /* TTAlbumTableViewController.m */ = {isa = PBXFileReference; fileEncoding = 4; lastKnownFileType = sourcecode.c.objc; path = TTAlbumTableViewController.m; sourceTree = "<group>"; };
		E2E9363619E8D1EC00BFE068 /* UIImage+Alpha.h */ = {isa = PBXFileReference; fileEncoding = 4; lastKnownFileType = sourcecode.c.h; path = "UIImage+Alpha.h"; sourceTree = "<group>"; };
		E2E9363719E8D1EC00BFE068 /* UIImage+Alpha.m */ = {isa = PBXFileReference; fileEncoding = 4; lastKnownFileType = sourcecode.c.objc; path = "UIImage+Alpha.m"; sourceTree = "<group>"; };
		E2E9363819E8D1EC00BFE068 /* UIImage+Resize.h */ = {isa = PBXFileReference; fileEncoding = 4; lastKnownFileType = sourcecode.c.h; path = "UIImage+Resize.h"; sourceTree = "<group>"; };
		E2E9363919E8D1EC00BFE068 /* UIImage+Resize.m */ = {isa = PBXFileReference; fileEncoding = 4; lastKnownFileType = sourcecode.c.objc; path = "UIImage+Resize.m"; sourceTree = "<group>"; };
		E2E9363A19E8D1EC00BFE068 /* UIImage+RoundedCorner.h */ = {isa = PBXFileReference; fileEncoding = 4; lastKnownFileType = sourcecode.c.h; path = "UIImage+RoundedCorner.h"; sourceTree = "<group>"; };
		E2E9363B19E8D1EC00BFE068 /* UIImage+RoundedCorner.m */ = {isa = PBXFileReference; fileEncoding = 4; lastKnownFileType = sourcecode.c.objc; path = "UIImage+RoundedCorner.m"; sourceTree = "<group>"; };
/* End PBXFileReference section */

/* Begin PBXFrameworksBuildPhase section */
		BADD934719C563B1000E0898 /* Frameworks */ = {
			isa = PBXFrameworksBuildPhase;
			buildActionMask = 2147483647;
			files = (
				37DA621119D5A5D600E89387 /* FacebookSDK.h in Frameworks */,
				BADD935019C563B1000E0898 /* CoreGraphics.framework in Frameworks */,
				BADD935219C563B1000E0898 /* UIKit.framework in Frameworks */,
				BADD934E19C563B1000E0898 /* Foundation.framework in Frameworks */,
				BAFA654719C576C800A7937D /* ParseFacebookUtils.framework in Frameworks */,
				A214D2459425482FA098883D /* libPods.a in Frameworks */,
			);
			runOnlyForDeploymentPostprocessing = 0;
		};
		BADD936B19C563B1000E0898 /* Frameworks */ = {
			isa = PBXFrameworksBuildPhase;
			buildActionMask = 2147483647;
			files = (
				BADD937019C563B1000E0898 /* XCTest.framework in Frameworks */,
				BADD937219C563B1000E0898 /* UIKit.framework in Frameworks */,
				BADD937119C563B1000E0898 /* Foundation.framework in Frameworks */,
			);
			runOnlyForDeploymentPostprocessing = 0;
		};
/* End PBXFrameworksBuildPhase section */

/* Begin PBXGroup section */
		BAC0326E19CB95CF0062C291 /* Artists */ = {
			isa = PBXGroup;
			children = (
				BAC0326F19CB96040062C291 /* TTArtistTableViewController.h */,
				BAC0327019CB96040062C291 /* TTArtistTableViewController.m */,
			);
			name = Artists;
			sourceTree = "<group>";
		};
		BAC0327219CB96720062C291 /* Songs */ = {
			isa = PBXGroup;
			children = (
				BAC0327319CB969E0062C291 /* TTSongTableViewController.h */,
				BAC0327419CB969E0062C291 /* TTSongTableViewController.m */,
			);
			name = Songs;
			sourceTree = "<group>";
		};
		BADD934119C563B1000E0898 = {
			isa = PBXGroup;
			children = (
				BADD935319C563B1000E0898 /* iMusic */,
				BADD934C19C563B1000E0898 /* Frameworks */,
				BADD934B19C563B1000E0898 /* Products */,
				B2A758E248BC41D0A9C9A19F /* Pods.xcconfig */,
			);
			sourceTree = "<group>";
		};
		BADD934B19C563B1000E0898 /* Products */ = {
			isa = PBXGroup;
			children = (
				BADD934A19C563B1000E0898 /* iMusic.app */,
				BADD936E19C563B1000E0898 /* iMusicTests.xctest */,
			);
			name = Products;
			sourceTree = "<group>";
		};
		BADD934C19C563B1000E0898 /* Frameworks */ = {
			isa = PBXGroup;
			children = (
				37DA621419D5A9FF00E89387 /* libPods-Parse.a */,
				37DA621019D5A5D600E89387 /* FacebookSDK.h */,
				BAFA654619C576C800A7937D /* ParseFacebookUtils.framework */,
				BADD934D19C563B1000E0898 /* Foundation.framework */,
				BADD934F19C563B1000E0898 /* CoreGraphics.framework */,
				BADD935119C563B1000E0898 /* UIKit.framework */,
				BADD936F19C563B1000E0898 /* XCTest.framework */,
				1D724DC070B54EA4A3830D2D /* libPods.a */,
			);
			name = Frameworks;
			sourceTree = "<group>";
		};
		BADD935319C563B1000E0898 /* iMusic */ = {
			isa = PBXGroup;
			children = (
				BADD935C19C563B1000E0898 /* TTAppDelegate.h */,
				BADD935D19C563B1000E0898 /* TTAppDelegate.m */,
				BADD935F19C563B1000E0898 /* Main.storyboard */,
				BAFA654519C56C0700A7937D /* Login */,
				E2E9363119E8801300BFE068 /* Albums */,
				BAC0326E19CB95CF0062C291 /* Artists */,
				BAC0327219CB96720062C291 /* Songs */,
				E257F49E19E81D6F00EF4FBB /* Model */,
				BADD936819C563B1000E0898 /* Images.xcassets */,
				BADD935419C563B1000E0898 /* Supporting Files */,
			);
			path = iMusic;
			sourceTree = "<group>";
		};
		BADD935419C563B1000E0898 /* Supporting Files */ = {
			isa = PBXGroup;
			children = (
				E2E9363519E8D1AC00BFE068 /* UIImageResize */,
				E2E9362E19E86A3B00BFE068 /* Images */,
				BADD935519C563B1000E0898 /* iMusic-Info.plist */,
				BADD935619C563B1000E0898 /* InfoPlist.strings */,
				BADD935919C563B1000E0898 /* main.m */,
				BADD935B19C563B1000E0898 /* iMusic-Prefix.pch */,
			);
			name = "Supporting Files";
			sourceTree = "<group>";
		};
		BAFA654519C56C0700A7937D /* Login */ = {
			isa = PBXGroup;
			children = (
				BAFA654219C56BFE00A7937D /* TTLoginViewController.h */,
				BAFA654319C56BFE00A7937D /* TTLoginViewController.m */,
			);
			name = Login;
			sourceTree = "<group>";
		};
		E257F49E19E81D6F00EF4FBB /* Model */ = {
			isa = PBXGroup;
			children = (
				E257F49F19E81E9100EF4FBB /* TTSong.h */,
				E257F4A019E81E9100EF4FBB /* TTSong.m */,
			);
			name = Model;
			sourceTree = "<group>";
		};
		E2E9362E19E86A3B00BFE068 /* Images */ = {
			isa = PBXGroup;
			children = (
				E2E9362F19E86A6900BFE068 /* default-artwork.png */,
			);
			name = Images;
			sourceTree = "<group>";
		};
		E2E9363119E8801300BFE068 /* Albums */ = {
			isa = PBXGroup;
			children = (
				E2E9363219E8804200BFE068 /* TTAlbumTableViewController.h */,
				E2E9363319E8804200BFE068 /* TTAlbumTableViewController.m */,
			);
			name = Albums;
			sourceTree = "<group>";
		};
		E2E9363519E8D1AC00BFE068 /* UIImageResize */ = {
			isa = PBXGroup;
			children = (
				E2E9363619E8D1EC00BFE068 /* UIImage+Alpha.h */,
				E2E9363719E8D1EC00BFE068 /* UIImage+Alpha.m */,
				E2E9363819E8D1EC00BFE068 /* UIImage+Resize.h */,
				E2E9363919E8D1EC00BFE068 /* UIImage+Resize.m */,
				E2E9363A19E8D1EC00BFE068 /* UIImage+RoundedCorner.h */,
				E2E9363B19E8D1EC00BFE068 /* UIImage+RoundedCorner.m */,
			);
			name = UIImageResize;
			sourceTree = "<group>";
		};
/* End PBXGroup section */

/* Begin PBXNativeTarget section */
		BADD934919C563B1000E0898 /* iMusic */ = {
			isa = PBXNativeTarget;
			buildConfigurationList = BADD937F19C563B1000E0898 /* Build configuration list for PBXNativeTarget "iMusic" */;
			buildPhases = (
				B6390113040B443A8E666A3E /* Check Pods Manifest.lock */,
				BADD934619C563B1000E0898 /* Sources */,
				BADD934719C563B1000E0898 /* Frameworks */,
				BADD934819C563B1000E0898 /* Resources */,
				B518B1B4001B46A9B620D4C7 /* Copy Pods Resources */,
			);
			buildRules = (
			);
			dependencies = (
			);
			name = iMusic;
			productName = iMusic;
			productReference = BADD934A19C563B1000E0898 /* iMusic.app */;
			productType = "com.apple.product-type.application";
		};
		BADD936D19C563B1000E0898 /* iMusicTests */ = {
			isa = PBXNativeTarget;
			buildConfigurationList = BADD938219C563B1000E0898 /* Build configuration list for PBXNativeTarget "iMusicTests" */;
			buildPhases = (
				BADD936A19C563B1000E0898 /* Sources */,
				BADD936B19C563B1000E0898 /* Frameworks */,
				BADD936C19C563B1000E0898 /* Resources */,
			);
			buildRules = (
			);
			dependencies = (
				BADD937419C563B1000E0898 /* PBXTargetDependency */,
			);
			name = iMusicTests;
			productName = iMusicTests;
			productReference = BADD936E19C563B1000E0898 /* iMusicTests.xctest */;
			productType = "com.apple.product-type.bundle.unit-test";
		};
/* End PBXNativeTarget section */

/* Begin PBXProject section */
		BADD934219C563B1000E0898 /* Project object */ = {
			isa = PBXProject;
			attributes = {
				CLASSPREFIX = TT;
				LastUpgradeCheck = 0510;
				ORGANIZATIONNAME = edu.osu.trinh.47;
				TargetAttributes = {
					BADD934919C563B1000E0898 = {
						DevelopmentTeam = B4U4UU38ED;
					};
					BADD936D19C563B1000E0898 = {
						TestTargetID = BADD934919C563B1000E0898;
					};
				};
			};
			buildConfigurationList = BADD934519C563B1000E0898 /* Build configuration list for PBXProject "iMusic" */;
			compatibilityVersion = "Xcode 3.2";
			developmentRegion = English;
			hasScannedForEncodings = 0;
			knownRegions = (
				en,
				Base,
			);
			mainGroup = BADD934119C563B1000E0898;
			productRefGroup = BADD934B19C563B1000E0898 /* Products */;
			projectDirPath = "";
			projectRoot = "";
			targets = (
				BADD934919C563B1000E0898 /* iMusic */,
				BADD936D19C563B1000E0898 /* iMusicTests */,
			);
		};
/* End PBXProject section */

/* Begin PBXResourcesBuildPhase section */
		BADD934819C563B1000E0898 /* Resources */ = {
			isa = PBXResourcesBuildPhase;
			buildActionMask = 2147483647;
			files = (
				BADD936919C563B1000E0898 /* Images.xcassets in Resources */,
				E2E9363019E86A6900BFE068 /* default-artwork.png in Resources */,
				BADD935819C563B1000E0898 /* InfoPlist.strings in Resources */,
				BADD936119C563B1000E0898 /* Main.storyboard in Resources */,
			);
			runOnlyForDeploymentPostprocessing = 0;
		};
		BADD936C19C563B1000E0898 /* Resources */ = {
			isa = PBXResourcesBuildPhase;
			buildActionMask = 2147483647;
			files = (
			);
			runOnlyForDeploymentPostprocessing = 0;
		};
/* End PBXResourcesBuildPhase section */

/* Begin PBXShellScriptBuildPhase section */
		B518B1B4001B46A9B620D4C7 /* Copy Pods Resources */ = {
			isa = PBXShellScriptBuildPhase;
			buildActionMask = 2147483647;
			files = (
			);
			inputPaths = (
			);
			name = "Copy Pods Resources";
			outputPaths = (
			);
			runOnlyForDeploymentPostprocessing = 0;
			shellPath = /bin/sh;
			shellScript = "\"${SRCROOT}/Pods/Pods-resources.sh\"\n";
			showEnvVarsInLog = 0;
		};
		B6390113040B443A8E666A3E /* Check Pods Manifest.lock */ = {
			isa = PBXShellScriptBuildPhase;
			buildActionMask = 2147483647;
			files = (
			);
			inputPaths = (
			);
			name = "Check Pods Manifest.lock";
			outputPaths = (
			);
			runOnlyForDeploymentPostprocessing = 0;
			shellPath = /bin/sh;
			shellScript = "diff \"${PODS_ROOT}/../Podfile.lock\" \"${PODS_ROOT}/Manifest.lock\" > /dev/null\nif [[ $? != 0 ]] ; then\n    cat << EOM\nerror: The sandbox is not in sync with the Podfile.lock. Run 'pod install' or update your CocoaPods installation.\nEOM\n    exit 1\nfi\n";
			showEnvVarsInLog = 0;
		};
/* End PBXShellScriptBuildPhase section */

/* Begin PBXSourcesBuildPhase section */
		BADD934619C563B1000E0898 /* Sources */ = {
			isa = PBXSourcesBuildPhase;
			buildActionMask = 2147483647;
			files = (
				E257F4A119E81E9100EF4FBB /* TTSong.m in Sources */,
				BADD935E19C563B1000E0898 /* TTAppDelegate.m in Sources */,
				BAC0327519CB969E0062C291 /* TTSongTableViewController.m in Sources */,
				BAFA654419C56BFE00A7937D /* TTLoginViewController.m in Sources */,
				E2E9363C19E8D1EC00BFE068 /* UIImage+Alpha.m in Sources */,
				E2E9363D19E8D1EC00BFE068 /* UIImage+Resize.m in Sources */,
				E2E9363E19E8D1EC00BFE068 /* UIImage+RoundedCorner.m in Sources */,
				BAC0327119CB96040062C291 /* TTArtistTableViewController.m in Sources */,
				BADD935A19C563B1000E0898 /* main.m in Sources */,
				E2E9363419E8804200BFE068 /* TTAlbumTableViewController.m in Sources */,
			);
			runOnlyForDeploymentPostprocessing = 0;
		};
		BADD936A19C563B1000E0898 /* Sources */ = {
			isa = PBXSourcesBuildPhase;
			buildActionMask = 2147483647;
			files = (
			);
			runOnlyForDeploymentPostprocessing = 0;
		};
/* End PBXSourcesBuildPhase section */

/* Begin PBXTargetDependency section */
		BADD937419C563B1000E0898 /* PBXTargetDependency */ = {
			isa = PBXTargetDependency;
			target = BADD934919C563B1000E0898 /* iMusic */;
			targetProxy = BADD937319C563B1000E0898 /* PBXContainerItemProxy */;
		};
/* End PBXTargetDependency section */

/* Begin PBXVariantGroup section */
		BADD935619C563B1000E0898 /* InfoPlist.strings */ = {
			isa = PBXVariantGroup;
			children = (
				BADD935719C563B1000E0898 /* en */,
			);
			name = InfoPlist.strings;
			sourceTree = "<group>";
		};
		BADD935F19C563B1000E0898 /* Main.storyboard */ = {
			isa = PBXVariantGroup;
			children = (
				BADD936019C563B1000E0898 /* Base */,
			);
			name = Main.storyboard;
			sourceTree = "<group>";
		};
/* End PBXVariantGroup section */

/* Begin XCBuildConfiguration section */
		BADD937D19C563B1000E0898 /* Debug */ = {
			isa = XCBuildConfiguration;
			buildSettings = {
				ALWAYS_SEARCH_USER_PATHS = NO;
				CLANG_CXX_LANGUAGE_STANDARD = "gnu++0x";
				CLANG_CXX_LIBRARY = "libc++";
				CLANG_ENABLE_MODULES = YES;
				CLANG_ENABLE_OBJC_ARC = YES;
				CLANG_WARN_BOOL_CONVERSION = YES;
				CLANG_WARN_CONSTANT_CONVERSION = YES;
				CLANG_WARN_DIRECT_OBJC_ISA_USAGE = YES_ERROR;
				CLANG_WARN_EMPTY_BODY = YES;
				CLANG_WARN_ENUM_CONVERSION = YES;
				CLANG_WARN_INT_CONVERSION = YES;
				CLANG_WARN_OBJC_ROOT_CLASS = YES_ERROR;
				CLANG_WARN__DUPLICATE_METHOD_MATCH = YES;
				"CODE_SIGN_IDENTITY[sdk=iphoneos*]" = "iPhone Developer";
				COPY_PHASE_STRIP = NO;
				GCC_C_LANGUAGE_STANDARD = gnu99;
				GCC_DYNAMIC_NO_PIC = NO;
				GCC_OPTIMIZATION_LEVEL = 0;
				GCC_PREPROCESSOR_DEFINITIONS = (
					"DEBUG=1",
					"$(inherited)",
				);
				GCC_SYMBOLS_PRIVATE_EXTERN = NO;
				GCC_WARN_64_TO_32_BIT_CONVERSION = YES;
				GCC_WARN_ABOUT_RETURN_TYPE = YES_ERROR;
				GCC_WARN_UNDECLARED_SELECTOR = YES;
				GCC_WARN_UNINITIALIZED_AUTOS = YES_AGGRESSIVE;
				GCC_WARN_UNUSED_FUNCTION = YES;
				GCC_WARN_UNUSED_VARIABLE = YES;
				IPHONEOS_DEPLOYMENT_TARGET = 7.1;
				ONLY_ACTIVE_ARCH = YES;
				SDKROOT = iphoneos;
			};
			name = Debug;
		};
		BADD937E19C563B1000E0898 /* Release */ = {
			isa = XCBuildConfiguration;
			buildSettings = {
				ALWAYS_SEARCH_USER_PATHS = NO;
				CLANG_CXX_LANGUAGE_STANDARD = "gnu++0x";
				CLANG_CXX_LIBRARY = "libc++";
				CLANG_ENABLE_MODULES = YES;
				CLANG_ENABLE_OBJC_ARC = YES;
				CLANG_WARN_BOOL_CONVERSION = YES;
				CLANG_WARN_CONSTANT_CONVERSION = YES;
				CLANG_WARN_DIRECT_OBJC_ISA_USAGE = YES_ERROR;
				CLANG_WARN_EMPTY_BODY = YES;
				CLANG_WARN_ENUM_CONVERSION = YES;
				CLANG_WARN_INT_CONVERSION = YES;
				CLANG_WARN_OBJC_ROOT_CLASS = YES_ERROR;
				CLANG_WARN__DUPLICATE_METHOD_MATCH = YES;
				"CODE_SIGN_IDENTITY[sdk=iphoneos*]" = "iPhone Developer";
				COPY_PHASE_STRIP = YES;
				ENABLE_NS_ASSERTIONS = NO;
				GCC_C_LANGUAGE_STANDARD = gnu99;
				GCC_WARN_64_TO_32_BIT_CONVERSION = YES;
				GCC_WARN_ABOUT_RETURN_TYPE = YES_ERROR;
				GCC_WARN_UNDECLARED_SELECTOR = YES;
				GCC_WARN_UNINITIALIZED_AUTOS = YES_AGGRESSIVE;
				GCC_WARN_UNUSED_FUNCTION = YES;
				GCC_WARN_UNUSED_VARIABLE = YES;
				IPHONEOS_DEPLOYMENT_TARGET = 7.1;
				SDKROOT = iphoneos;
				VALIDATE_PRODUCT = YES;
			};
			name = Release;
		};
		BADD938019C563B1000E0898 /* Debug */ = {
			isa = XCBuildConfiguration;
			baseConfigurationReference = B2A758E248BC41D0A9C9A19F /* Pods.xcconfig */;
			buildSettings = {
				ASSETCATALOG_COMPILER_APPICON_NAME = AppIcon;
				ASSETCATALOG_COMPILER_LAUNCHIMAGE_NAME = LaunchImage;
				CODE_SIGN_IDENTITY = "iPhone Developer";
				FRAMEWORK_SEARCH_PATHS = (
					"$(inherited)",
					"/Users/MPBr2013/Downloads/parse-library-1.3.0",
					"$(PROJECT_DIR)/Pods/Parse",
				);
				GCC_PRECOMPILE_PREFIX_HEADER = YES;
				GCC_PREFIX_HEADER = "iMusic/iMusic-Prefix.pch";
				INFOPLIST_FILE = "iMusic/iMusic-Info.plist";
				LIBRARY_SEARCH_PATHS = (
					"$(inherited)",
					"$(PROJECT_DIR)/Pods/build/Debug-iphoneos",
				);
				PRODUCT_NAME = "$(TARGET_NAME)";
				TARGETED_DEVICE_FAMILY = "1,2";
				WRAPPER_EXTENSION = app;
			};
			name = Debug;
		};
		BADD938119C563B1000E0898 /* Release */ = {
			isa = XCBuildConfiguration;
			baseConfigurationReference = B2A758E248BC41D0A9C9A19F /* Pods.xcconfig */;
			buildSettings = {
				ASSETCATALOG_COMPILER_APPICON_NAME = AppIcon;
				ASSETCATALOG_COMPILER_LAUNCHIMAGE_NAME = LaunchImage;
				CODE_SIGN_IDENTITY = "iPhone Developer";
				FRAMEWORK_SEARCH_PATHS = (
					"$(inherited)",
					"/Users/MPBr2013/Downloads/parse-library-1.3.0",
					"$(PROJECT_DIR)/Pods/Parse",
				);
				GCC_PRECOMPILE_PREFIX_HEADER = YES;
				GCC_PREFIX_HEADER = "iMusic/iMusic-Prefix.pch";
				INFOPLIST_FILE = "iMusic/iMusic-Info.plist";
				LIBRARY_SEARCH_PATHS = (
					"$(inherited)",
					"$(PROJECT_DIR)/Pods/build/Debug-iphoneos",
				);
				PRODUCT_NAME = "$(TARGET_NAME)";
				TARGETED_DEVICE_FAMILY = "1,2";
				WRAPPER_EXTENSION = app;
			};
			name = Release;
		};
		BADD938319C563B1000E0898 /* Debug */ = {
			isa = XCBuildConfiguration;
			buildSettings = {
				BUNDLE_LOADER = "$(BUILT_PRODUCTS_DIR)/iMusic.app/iMusic";
				FRAMEWORK_SEARCH_PATHS = (
					"$(SDKROOT)/Developer/Library/Frameworks",
					"$(inherited)",
					"$(DEVELOPER_FRAMEWORKS_DIR)",
				);
				GCC_PRECOMPILE_PREFIX_HEADER = YES;
				GCC_PREFIX_HEADER = "iMusic/iMusic-Prefix.pch";
				GCC_PREPROCESSOR_DEFINITIONS = (
					"DEBUG=1",
					"$(inherited)",
				);
				INFOPLIST_FILE = "iMusicTests/iMusicTests-Info.plist";
				PRODUCT_NAME = "$(TARGET_NAME)";
				TEST_HOST = "$(BUNDLE_LOADER)";
				WRAPPER_EXTENSION = xctest;
			};
			name = Debug;
		};
		BADD938419C563B1000E0898 /* Release */ = {
			isa = XCBuildConfiguration;
			buildSettings = {
				BUNDLE_LOADER = "$(BUILT_PRODUCTS_DIR)/iMusic.app/iMusic";
				FRAMEWORK_SEARCH_PATHS = (
					"$(SDKROOT)/Developer/Library/Frameworks",
					"$(inherited)",
					"$(DEVELOPER_FRAMEWORKS_DIR)",
				);
				GCC_PRECOMPILE_PREFIX_HEADER = YES;
				GCC_PREFIX_HEADER = "iMusic/iMusic-Prefix.pch";
				INFOPLIST_FILE = "iMusicTests/iMusicTests-Info.plist";
				PRODUCT_NAME = "$(TARGET_NAME)";
				TEST_HOST = "$(BUNDLE_LOADER)";
				WRAPPER_EXTENSION = xctest;
			};
			name = Release;
		};
/* End XCBuildConfiguration section */

/* Begin XCConfigurationList section */
		BADD934519C563B1000E0898 /* Build configuration list for PBXProject "iMusic" */ = {
			isa = XCConfigurationList;
			buildConfigurations = (
				BADD937D19C563B1000E0898 /* Debug */,
				BADD937E19C563B1000E0898 /* Release */,
			);
			defaultConfigurationIsVisible = 0;
			defaultConfigurationName = Release;
		};
		BADD937F19C563B1000E0898 /* Build configuration list for PBXNativeTarget "iMusic" */ = {
			isa = XCConfigurationList;
			buildConfigurations = (
				BADD938019C563B1000E0898 /* Debug */,
				BADD938119C563B1000E0898 /* Release */,
			);
			defaultConfigurationIsVisible = 0;
			defaultConfigurationName = Release;
		};
		BADD938219C563B1000E0898 /* Build configuration list for PBXNativeTarget "iMusicTests" */ = {
			isa = XCConfigurationList;
			buildConfigurations = (
				BADD938319C563B1000E0898 /* Debug */,
				BADD938419C563B1000E0898 /* Release */,
			);
			defaultConfigurationIsVisible = 0;
			defaultConfigurationName = Release;
		};
/* End XCConfigurationList section */
	};
	rootObject = BADD934219C563B1000E0898 /* Project object */;
}
